
Microsoft Visual Studio Solution File, Format Version 12.00
# Visual Studio 15
VisualStudioVersion = 15.0.28307.779
MinimumVisualStudioVersion = 10.0.40219.1
Project("{8BC9CEB8-8B4A-11D0-8D11-00A0C91BC942}") = "lib_hdc1000_example", "lib_hdc1000_example\lib_hdc1000_example.vcxproj", "{5C513EED-5338-4037-ADD5-8068D4D5C0A7}"
EndProject
Project("{8BC9CEB8-8B4A-11D0-8D11-00A0C91BC942}") = "lib_hdc1000", "..\lib_hdc1000\lib_hdc1000.vcxproj", "{8804195E-8162-4CC1-827B-8C589C8FEADF}"
EndProject
Global
	GlobalSection(SolutionConfigurationPlatforms) = preSolution
		Debug|ARM = Debug|ARM
		Release|ARM = Release|ARM
	EndGlobalSection
	GlobalSection(ProjectConfigurationPlatforms) = postSolution
		{5C513EED-5338-4037-ADD5-8068D4D5C0A7}.Debug|ARM.ActiveCfg = Debug|ARM
		{5C513EED-5338-4037-ADD5-8068D4D5C0A7}.Debug|ARM.Build.0 = Debug|ARM
		{5C513EED-5338-4037-ADD5-8068D4D5C0A7}.Release|ARM.ActiveCfg = Release|ARM
		{5C513EED-5338-4037-ADD5-8068D4D5C0A7}.Release|ARM.Build.0 = Release|ARM
		{8804195E-8162-4CC1-827B-8C589C8FEADF}.Debug|ARM.ActiveCfg = Debug|ARM
		{8804195E-8162-4CC1-827B-8C589C8FEADF}.Debug|ARM.Build.0 = Debug|ARM
		{8804195E-8162-4CC1-827B-8C589C8FEADF}.Release|ARM.ActiveCfg = Release|ARM
		{8804195E-8162-4CC1-827B-8C589C8FEADF}.Release|ARM.Build.0 = Release|ARM
	EndGlobalSection
	GlobalSection(SolutionProperties) = preSolution
		HideSolutionNode = FALSE
	EndGlobalSection
	GlobalSection(ExtensibilityGlobals) = postSolution
		SolutionGuid = {8681239E-D413-421E-928E-68F5B8D2DF40}
	EndGlobalSection
EndGlobal
